
Microsoft Visual Studio Solution File, Format Version 12.00
# Visual Studio Version 17
VisualStudioVersion = 17.0.32014.148
MinimumVisualStudioVersion = 10.0.40219.1
Project("{9A19103F-16F7-4668-BE54-9A1E7A4F7556}") = "TrainGovernor", "TrainGovernor\TrainGovernor.csproj", "{685D2175-6159-416B-BA6A-E524600DC2AA}"
EndProject
Project("{9A19103F-16F7-4668-BE54-9A1E7A4F7556}") = "Domain", "Domain\Domain.csproj", "{D90189A7-B319-4237-9B8C-6035C9967D50}"
EndProject
Project("{9A19103F-16F7-4668-BE54-9A1E7A4F7556}") = "Application", "Application\Application.csproj", "{8C191AEA-E2DE-4E5F-A831-03B7DB66A171}"
EndProject
Project("{9A19103F-16F7-4668-BE54-9A1E7A4F7556}") = "Infrastructure", "Infrastructure\Infrastructure.csproj", "{FD9BA0B8-5D2A-4CF0-AD57-B16E1D5A8FE7}"
EndProject
Project("{FAE04EC0-301F-11D3-BF4B-00C04F79EFBC}") = "Tests", "Tests\Tests.csproj", "{22C6D314-605C-4B86-9C56-8C19045AC582}"
EndProject
Global
	GlobalSection(SolutionConfigurationPlatforms) = preSolution
		Debug|Any CPU = Debug|Any CPU
		Release|Any CPU = Release|Any CPU
	EndGlobalSection
	GlobalSection(ProjectConfigurationPlatforms) = postSolution
		{685D2175-6159-416B-BA6A-E524600DC2AA}.Debug|Any CPU.ActiveCfg = Debug|Any CPU
		{685D2175-6159-416B-BA6A-E524600DC2AA}.Debug|Any CPU.Build.0 = Debug|Any CPU
		{685D2175-6159-416B-BA6A-E524600DC2AA}.Release|Any CPU.ActiveCfg = Release|Any CPU
		{685D2175-6159-416B-BA6A-E524600DC2AA}.Release|Any CPU.Build.0 = Release|Any CPU
		{D90189A7-B319-4237-9B8C-6035C9967D50}.Debug|Any CPU.ActiveCfg = Debug|Any CPU
		{D90189A7-B319-4237-9B8C-6035C9967D50}.Debug|Any CPU.Build.0 = Debug|Any CPU
		{D90189A7-B319-4237-9B8C-6035C9967D50}.Release|Any CPU.ActiveCfg = Release|Any CPU
		{D90189A7-B319-4237-9B8C-6035C9967D50}.Release|Any CPU.Build.0 = Release|Any CPU
		{8C191AEA-E2DE-4E5F-A831-03B7DB66A171}.Debug|Any CPU.ActiveCfg = Debug|Any CPU
		{8C191AEA-E2DE-4E5F-A831-03B7DB66A171}.Debug|Any CPU.Build.0 = Debug|Any CPU
		{8C191AEA-E2DE-4E5F-A831-03B7DB66A171}.Release|Any CPU.ActiveCfg = Release|Any CPU
		{8C191AEA-E2DE-4E5F-A831-03B7DB66A171}.Release|Any CPU.Build.0 = Release|Any CPU
		{FD9BA0B8-5D2A-4CF0-AD57-B16E1D5A8FE7}.Debug|Any CPU.ActiveCfg = Debug|Any CPU
		{FD9BA0B8-5D2A-4CF0-AD57-B16E1D5A8FE7}.Debug|Any CPU.Build.0 = Debug|Any CPU
		{FD9BA0B8-5D2A-4CF0-AD57-B16E1D5A8FE7}.Release|Any CPU.ActiveCfg = Release|Any CPU
		{FD9BA0B8-5D2A-4CF0-AD57-B16E1D5A8FE7}.Release|Any CPU.Build.0 = Release|Any CPU
		{22C6D314-605C-4B86-9C56-8C19045AC582}.Debug|Any CPU.ActiveCfg = Debug|Any CPU
		{22C6D314-605C-4B86-9C56-8C19045AC582}.Debug|Any CPU.Build.0 = Debug|Any CPU
		{22C6D314-605C-4B86-9C56-8C19045AC582}.Release|Any CPU.ActiveCfg = Release|Any CPU
		{22C6D314-605C-4B86-9C56-8C19045AC582}.Release|Any CPU.Build.0 = Release|Any CPU
	EndGlobalSection
	GlobalSection(SolutionProperties) = preSolution
		HideSolutionNode = FALSE
	EndGlobalSection
	GlobalSection(ExtensibilityGlobals) = postSolution
		SolutionGuid = {6B9A7DB8-6CC8-4C7D-92A8-B6D91A87F74D}
	EndGlobalSection
EndGlobal
